
Microsoft Visual Studio Solution File, Format Version 12.00
# Visual Studio 2012
Project("{159641D6-6404-4A2A-AE62-294DE0FE8301}") = "Chapter11", "Chapter11\Chapter11.dtproj", "{E4AE4B0A-4F44-4209-820F-ABA02C4D36F6}"
EndProject
Global
	GlobalSection(SolutionConfigurationPlatforms) = preSolution
		Development|Default = Development|Default
	EndGlobalSection
	GlobalSection(ProjectConfigurationPlatforms) = postSolution
		{E4AE4B0A-4F44-4209-820F-ABA02C4D36F6}.Development|Default.ActiveCfg = Development
		{E4AE4B0A-4F44-4209-820F-ABA02C4D36F6}.Development|Default.Build.0 = Development
	EndGlobalSection
	GlobalSection(SolutionProperties) = preSolution
		HideSolutionNode = FALSE
	EndGlobalSection
EndGlobal
