
Microsoft Visual Studio Solution File, Format Version 11.00
# Visual Studio 2010
Project("{159641D6-6404-4A2A-AE62-294DE0FE8301}") = "WMI_DataReader", "WMI_DataReader\WMI_DataReader.dtproj", "{5B652869-5634-4D69-B3DD-FBF2EF394432}"
EndProject
Global
	GlobalSection(SolutionConfigurationPlatforms) = preSolution
		Development|Default = Development|Default
	EndGlobalSection
	GlobalSection(ProjectConfigurationPlatforms) = postSolution
		{5B652869-5634-4D69-B3DD-FBF2EF394432}.Development|Default.ActiveCfg = Development
		{5B652869-5634-4D69-B3DD-FBF2EF394432}.Development|Default.Build.0 = Development
	EndGlobalSection
	GlobalSection(SolutionProperties) = preSolution
		HideSolutionNode = FALSE
	EndGlobalSection
EndGlobal
