
Microsoft Visual Studio Solution File, Format Version 11.00
# Visual Studio 2010
Project("{FAE04EC0-301F-11D3-BF4B-00C04F79EFBC}") = "CSharp_GetPkgLogs", "CSharp_GetPkgLogs\CSharp_GetPkgLogs.csproj", "{CC11280B-C321-40E3-A146-4944F1FB083B}"
EndProject
Global
	GlobalSection(SolutionConfigurationPlatforms) = preSolution
		Debug|Any CPU = Debug|Any CPU
		Release|Any CPU = Release|Any CPU
	EndGlobalSection
	GlobalSection(ProjectConfigurationPlatforms) = postSolution
		{CC11280B-C321-40E3-A146-4944F1FB083B}.Debug|Any CPU.ActiveCfg = Debug|Any CPU
		{CC11280B-C321-40E3-A146-4944F1FB083B}.Debug|Any CPU.Build.0 = Debug|Any CPU
		{CC11280B-C321-40E3-A146-4944F1FB083B}.Release|Any CPU.ActiveCfg = Release|Any CPU
		{CC11280B-C321-40E3-A146-4944F1FB083B}.Release|Any CPU.Build.0 = Release|Any CPU
	EndGlobalSection
	GlobalSection(SolutionProperties) = preSolution
		HideSolutionNode = FALSE
	EndGlobalSection
EndGlobal
