
Microsoft Visual Studio Solution File, Format Version 11.00
# Visual Studio 2010
Project("{159641D6-6404-4A2A-AE62-294DE0FE8301}") = "testSSISPackage", "testSSISPackage\testSSISPackage.dtproj", "{4635CFCA-17A9-427D-841F-7390A37ACD5F}"
EndProject
Global
	GlobalSection(SolutionConfigurationPlatforms) = preSolution
		Development|Default = Development|Default
	EndGlobalSection
	GlobalSection(ProjectConfigurationPlatforms) = postSolution
		{4635CFCA-17A9-427D-841F-7390A37ACD5F}.Development|Default.ActiveCfg = Development
		{4635CFCA-17A9-427D-841F-7390A37ACD5F}.Development|Default.Build.0 = Development
	EndGlobalSection
	GlobalSection(SolutionProperties) = preSolution
		HideSolutionNode = FALSE
	EndGlobalSection
EndGlobal
