
Microsoft Visual Studio Solution File, Format Version 11.00
# Visual Studio 2010
Project("{FAE04EC0-301F-11D3-BF4B-00C04F79EFBC}") = "MOMDemo", "MOMDemo\MOMDemo.csproj", "{ECE89C69-958A-4D63-90C5-719C2E18B770}"
EndProject
Global
	GlobalSection(SolutionConfigurationPlatforms) = preSolution
		Debug|x86 = Debug|x86
		Release|x86 = Release|x86
	EndGlobalSection
	GlobalSection(ProjectConfigurationPlatforms) = postSolution
		{ECE89C69-958A-4D63-90C5-719C2E18B770}.Debug|x86.ActiveCfg = Debug|x86
		{ECE89C69-958A-4D63-90C5-719C2E18B770}.Debug|x86.Build.0 = Debug|x86
		{ECE89C69-958A-4D63-90C5-719C2E18B770}.Release|x86.ActiveCfg = Release|x86
		{ECE89C69-958A-4D63-90C5-719C2E18B770}.Release|x86.Build.0 = Release|x86
	EndGlobalSection
	GlobalSection(SolutionProperties) = preSolution
		HideSolutionNode = FALSE
	EndGlobalSection
EndGlobal
