
Microsoft Visual Studio Solution File, Format Version 12.00
# Visual Studio 2012
Project("{159641D6-6404-4A2A-AE62-294DE0FE8301}") = "SSIS Pro 2014 Chapter 14", "SSIS Pro 2014 Chapter 14.dtproj", "{4BC507A4-2EE4-4EEE-920E-96C44C819669}"
EndProject
Global
	GlobalSection(SolutionConfigurationPlatforms) = preSolution
		Development|Default = Development|Default
	EndGlobalSection
	GlobalSection(ProjectConfigurationPlatforms) = postSolution
		{4BC507A4-2EE4-4EEE-920E-96C44C819669}.Development|Default.ActiveCfg = Development
		{4BC507A4-2EE4-4EEE-920E-96C44C819669}.Development|Default.Build.0 = Development
	EndGlobalSection
	GlobalSection(SolutionProperties) = preSolution
		HideSolutionNode = FALSE
	EndGlobalSection
EndGlobal
